
Microsoft Visual Studio Solution File, Format Version 12.00
# Visual Studio 15
VisualStudioVersion = 15.0.27428.2027
MinimumVisualStudioVersion = 10.0.40219.1
Project("{8BC9CEB8-8B4A-11D0-8D11-00A0C91BC942}") = "LightmapMaker", "LightmapMaker\LightmapMaker.vcxproj", "{9A3C88EA-FFA5-4823-B808-B9B6BDC6C865}"
	ProjectSection(ProjectDependencies) = postProject
		{39163E21-D147-32A6-948B-5002B8B569B8} = {39163E21-D147-32A6-948B-5002B8B569B8}
		{E45A7A2F-CA57-3412-93E6-802CF006C8AA} = {E45A7A2F-CA57-3412-93E6-802CF006C8AA}
		{B2BFDB55-D040-373C-9336-BE620413A48F} = {B2BFDB55-D040-373C-9336-BE620413A48F}
		{F83A04F7-EAA5-4D73-A1F5-A4D8ABEA6155} = {F83A04F7-EAA5-4D73-A1F5-A4D8ABEA6155}
		{D05A5DF8-8476-31EA-8789-99BACB75BBE1} = {D05A5DF8-8476-31EA-8789-99BACB75BBE1}
	EndProjectSection
EndProject
Project("{2150E333-8FDC-42A3-9474-1A3956D46DE8}") = "Utils", "Utils", "{236A30D0-B16E-46E3-9AE4-68953E7BCDC3}"
EndProject
Project("{8BC9CEB8-8B4A-11D0-8D11-00A0C91BC942}") = "XML", "LightmapMaker\Utils\XML\XML.vcxproj", "{F83A04F7-EAA5-4D73-A1F5-A4D8ABEA6155}"
EndProject
Project("{2150E333-8FDC-42A3-9474-1A3956D46DE8}") = "OpenGL", "OpenGL", "{EC5F68CF-454B-4C06-8267-309C5A29794F}"
EndProject
Project("{2150E333-8FDC-42A3-9474-1A3956D46DE8}") = "SFML", "SFML", "{1D1E6C2A-4865-4D5D-811F-28EA42110FC4}"
EndProject
Project("{8BC9CEB8-8B4A-11D0-8D11-00A0C91BC942}") = "glm", "LightmapMaker\Utils\OpenGL\glm\glm\glm_static.vcxproj", "{39163E21-D147-32A6-948B-5002B8B569B8}"
EndProject
Project("{8BC9CEB8-8B4A-11D0-8D11-00A0C91BC942}") = "sfml-graphics", "LightmapMaker\Utils\SFML\src\SFML\Graphics\sfml-graphics.vcxproj", "{E45A7A2F-CA57-3412-93E6-802CF006C8AA}"
EndProject
Project("{8BC9CEB8-8B4A-11D0-8D11-00A0C91BC942}") = "sfml-system", "LightmapMaker\Utils\SFML\src\SFML\System\sfml-system.vcxproj", "{D05A5DF8-8476-31EA-8789-99BACB75BBE1}"
EndProject
Project("{8BC9CEB8-8B4A-11D0-8D11-00A0C91BC942}") = "sfml-window", "LightmapMaker\Utils\SFML\src\SFML\Window\sfml-window.vcxproj", "{B2BFDB55-D040-373C-9336-BE620413A48F}"
EndProject
Global
	GlobalSection(SolutionConfigurationPlatforms) = preSolution
		Debug|x64 = Debug|x64
		Debug|x86 = Debug|x86
		Release|x64 = Release|x64
		Release|x86 = Release|x86
	EndGlobalSection
	GlobalSection(ProjectConfigurationPlatforms) = postSolution
		{9A3C88EA-FFA5-4823-B808-B9B6BDC6C865}.Debug|x64.ActiveCfg = Debug|x64
		{9A3C88EA-FFA5-4823-B808-B9B6BDC6C865}.Debug|x64.Build.0 = Debug|x64
		{9A3C88EA-FFA5-4823-B808-B9B6BDC6C865}.Debug|x86.ActiveCfg = Debug|Win32
		{9A3C88EA-FFA5-4823-B808-B9B6BDC6C865}.Debug|x86.Build.0 = Debug|Win32
		{9A3C88EA-FFA5-4823-B808-B9B6BDC6C865}.Release|x64.ActiveCfg = Release|x64
		{9A3C88EA-FFA5-4823-B808-B9B6BDC6C865}.Release|x64.Build.0 = Release|x64
		{9A3C88EA-FFA5-4823-B808-B9B6BDC6C865}.Release|x86.ActiveCfg = Release|Win32
		{9A3C88EA-FFA5-4823-B808-B9B6BDC6C865}.Release|x86.Build.0 = Release|Win32
		{F83A04F7-EAA5-4D73-A1F5-A4D8ABEA6155}.Debug|x64.ActiveCfg = Debug|Win32
		{F83A04F7-EAA5-4D73-A1F5-A4D8ABEA6155}.Debug|x86.ActiveCfg = Debug|Win32
		{F83A04F7-EAA5-4D73-A1F5-A4D8ABEA6155}.Debug|x86.Build.0 = Debug|Win32
		{F83A04F7-EAA5-4D73-A1F5-A4D8ABEA6155}.Release|x64.ActiveCfg = Release|Win32
		{F83A04F7-EAA5-4D73-A1F5-A4D8ABEA6155}.Release|x86.ActiveCfg = Release|Win32
		{F83A04F7-EAA5-4D73-A1F5-A4D8ABEA6155}.Release|x86.Build.0 = Release|Win32
		{39163E21-D147-32A6-948B-5002B8B569B8}.Debug|x64.ActiveCfg = Debug|Win32
		{39163E21-D147-32A6-948B-5002B8B569B8}.Debug|x86.ActiveCfg = Debug|Win32
		{39163E21-D147-32A6-948B-5002B8B569B8}.Debug|x86.Build.0 = Debug|Win32
		{39163E21-D147-32A6-948B-5002B8B569B8}.Release|x64.ActiveCfg = Release|Win32
		{39163E21-D147-32A6-948B-5002B8B569B8}.Release|x86.ActiveCfg = Release|Win32
		{39163E21-D147-32A6-948B-5002B8B569B8}.Release|x86.Build.0 = Release|Win32
		{E45A7A2F-CA57-3412-93E6-802CF006C8AA}.Debug|x64.ActiveCfg = Debug|Win32
		{E45A7A2F-CA57-3412-93E6-802CF006C8AA}.Debug|x86.ActiveCfg = Debug|Win32
		{E45A7A2F-CA57-3412-93E6-802CF006C8AA}.Debug|x86.Build.0 = Debug|Win32
		{E45A7A2F-CA57-3412-93E6-802CF006C8AA}.Release|x64.ActiveCfg = Release|Win32
		{E45A7A2F-CA57-3412-93E6-802CF006C8AA}.Release|x86.ActiveCfg = Release|Win32
		{E45A7A2F-CA57-3412-93E6-802CF006C8AA}.Release|x86.Build.0 = Release|Win32
		{D05A5DF8-8476-31EA-8789-99BACB75BBE1}.Debug|x64.ActiveCfg = Debug|Win32
		{D05A5DF8-8476-31EA-8789-99BACB75BBE1}.Debug|x86.ActiveCfg = Debug|Win32
		{D05A5DF8-8476-31EA-8789-99BACB75BBE1}.Debug|x86.Build.0 = Debug|Win32
		{D05A5DF8-8476-31EA-8789-99BACB75BBE1}.Release|x64.ActiveCfg = Release|Win32
		{D05A5DF8-8476-31EA-8789-99BACB75BBE1}.Release|x86.ActiveCfg = Release|Win32
		{D05A5DF8-8476-31EA-8789-99BACB75BBE1}.Release|x86.Build.0 = Release|Win32
		{B2BFDB55-D040-373C-9336-BE620413A48F}.Debug|x64.ActiveCfg = Debug|Win32
		{B2BFDB55-D040-373C-9336-BE620413A48F}.Debug|x86.ActiveCfg = Debug|Win32
		{B2BFDB55-D040-373C-9336-BE620413A48F}.Debug|x86.Build.0 = Debug|Win32
		{B2BFDB55-D040-373C-9336-BE620413A48F}.Release|x64.ActiveCfg = Release|Win32
		{B2BFDB55-D040-373C-9336-BE620413A48F}.Release|x86.ActiveCfg = Release|Win32
		{B2BFDB55-D040-373C-9336-BE620413A48F}.Release|x86.Build.0 = Release|Win32
	EndGlobalSection
	GlobalSection(SolutionProperties) = preSolution
		HideSolutionNode = FALSE
	EndGlobalSection
	GlobalSection(NestedProjects) = preSolution
		{F83A04F7-EAA5-4D73-A1F5-A4D8ABEA6155} = {236A30D0-B16E-46E3-9AE4-68953E7BCDC3}
		{EC5F68CF-454B-4C06-8267-309C5A29794F} = {236A30D0-B16E-46E3-9AE4-68953E7BCDC3}
		{1D1E6C2A-4865-4D5D-811F-28EA42110FC4} = {236A30D0-B16E-46E3-9AE4-68953E7BCDC3}
		{39163E21-D147-32A6-948B-5002B8B569B8} = {EC5F68CF-454B-4C06-8267-309C5A29794F}
		{E45A7A2F-CA57-3412-93E6-802CF006C8AA} = {1D1E6C2A-4865-4D5D-811F-28EA42110FC4}
		{D05A5DF8-8476-31EA-8789-99BACB75BBE1} = {1D1E6C2A-4865-4D5D-811F-28EA42110FC4}
		{B2BFDB55-D040-373C-9336-BE620413A48F} = {1D1E6C2A-4865-4D5D-811F-28EA42110FC4}
	EndGlobalSection
	GlobalSection(ExtensibilityGlobals) = postSolution
		SolutionGuid = {436936AC-CD6D-4F12-A879-5672093DA40F}
	EndGlobalSection
EndGlobal
