<?xml version="1.0" encoding="utf-8"?>
<Project ToolsVersion="4.0" xmlns="http://schemas.microsoft.com/developer/msbuild/2003">
  <ItemGroup>
    <Filter Include="System">
      <UniqueIdentifier>{76a7fdf3-c16a-40b8-8841-b8f762da717d}</UniqueIdentifier>
    </Filter>
    <Filter Include="OpenGL">
      <UniqueIdentifier>{2c9b70f6-88f1-4191-8ad0-c38ef565cde8}</UniqueIdentifier>
    </Filter>
  </ItemGroup>
  <ItemGroup>
    <ClCompile Include="LightmapMaker.cpp" />
    <ClCompile Include="System\ArgumentsStart.cpp">
      <Filter>System</Filter>
    </ClCompile>
    <ClCompile Include="System\Logger.cpp">
      <Filter>System</Filter>
    </ClCompile>
    <ClCompile Include="System\Directories.cpp">
      <Filter>System</Filter>
    </ClCompile>
    <ClCompile Include="OpenGL\OpenGL.cpp">
      <Filter>OpenGL</Filter>
    </ClCompile>
    <ClCompile Include="System\Error.cpp">
      <Filter>System</Filter>
    </ClCompile>
    <ClCompile Include="OpenGL\Shader.cpp">
      <Filter>OpenGL</Filter>
    </ClCompile>
  </ItemGroup>
  <ItemGroup>
    <ClInclude Include="BuildNumber.h" />
    <ClInclude Include="System\ArgumentsStart.h">
      <Filter>System</Filter>
    </ClInclude>
    <ClInclude Include="System\Logger.h">
      <Filter>System</Filter>
    </ClInclude>
    <ClInclude Include="System\Directories.h">
      <Filter>System</Filter>
    </ClInclude>
    <ClInclude Include="OpenGL\OpenGL.h">
      <Filter>OpenGL</Filter>
    </ClInclude>
    <ClInclude Include="System\Error.h">
      <Filter>System</Filter>
    </ClInclude>
    <ClInclude Include="OpenGL\Shader.h">
      <Filter>OpenGL</Filter>
    </ClInclude>
  </ItemGroup>
</Project>